
Microsoft Visual Studio Solution File, Format Version 12.00
# Visual Studio 15
VisualStudioVersion = 15.0.28307.757
MinimumVisualStudioVersion = 10.0.40219.1
Project("{9A19103F-16F7-4668-BE54-9A1E7A4F7556}") = "Assesment.API", "Assesment\Assesment.API.csproj", "{A5A7E330-2309-4C51-9558-F020580555F2}"
EndProject
Project("{FAE04EC0-301F-11D3-BF4B-00C04F79EFBC}") = "Assessment.Data", "Assessment.Data\Assessment.Data.csproj", "{86E003D5-FE9F-4D97-BD84-AEDC8FB73734}"
EndProject
Global
	GlobalSection(SolutionConfigurationPlatforms) = preSolution
		Debug|Any CPU = Debug|Any CPU
		Debug|ARM = Debug|ARM
		Debug|ARM64 = Debug|ARM64
		Debug|x64 = Debug|x64
		Debug|x86 = Debug|x86
		Release|Any CPU = Release|Any CPU
		Release|ARM = Release|ARM
		Release|ARM64 = Release|ARM64
		Release|x64 = Release|x64
		Release|x86 = Release|x86
	EndGlobalSection
	GlobalSection(ProjectConfigurationPlatforms) = postSolution
		{A5A7E330-2309-4C51-9558-F020580555F2}.Debug|Any CPU.ActiveCfg = Debug|Any CPU
		{A5A7E330-2309-4C51-9558-F020580555F2}.Debug|Any CPU.Build.0 = Debug|Any CPU
		{A5A7E330-2309-4C51-9558-F020580555F2}.Debug|ARM.ActiveCfg = Debug|Any CPU
		{A5A7E330-2309-4C51-9558-F020580555F2}.Debug|ARM.Build.0 = Debug|Any CPU
		{A5A7E330-2309-4C51-9558-F020580555F2}.Debug|ARM64.ActiveCfg = Debug|Any CPU
		{A5A7E330-2309-4C51-9558-F020580555F2}.Debug|ARM64.Build.0 = Debug|Any CPU
		{A5A7E330-2309-4C51-9558-F020580555F2}.Debug|x64.ActiveCfg = Debug|Any CPU
		{A5A7E330-2309-4C51-9558-F020580555F2}.Debug|x64.Build.0 = Debug|Any CPU
		{A5A7E330-2309-4C51-9558-F020580555F2}.Debug|x86.ActiveCfg = Debug|Any CPU
		{A5A7E330-2309-4C51-9558-F020580555F2}.Debug|x86.Build.0 = Debug|Any CPU
		{A5A7E330-2309-4C51-9558-F020580555F2}.Release|Any CPU.ActiveCfg = Release|Any CPU
		{A5A7E330-2309-4C51-9558-F020580555F2}.Release|Any CPU.Build.0 = Release|Any CPU
		{A5A7E330-2309-4C51-9558-F020580555F2}.Release|ARM.ActiveCfg = Release|Any CPU
		{A5A7E330-2309-4C51-9558-F020580555F2}.Release|ARM.Build.0 = Release|Any CPU
		{A5A7E330-2309-4C51-9558-F020580555F2}.Release|ARM64.ActiveCfg = Release|Any CPU
		{A5A7E330-2309-4C51-9558-F020580555F2}.Release|ARM64.Build.0 = Release|Any CPU
		{A5A7E330-2309-4C51-9558-F020580555F2}.Release|x64.ActiveCfg = Release|Any CPU
		{A5A7E330-2309-4C51-9558-F020580555F2}.Release|x64.Build.0 = Release|Any CPU
		{A5A7E330-2309-4C51-9558-F020580555F2}.Release|x86.ActiveCfg = Release|Any CPU
		{A5A7E330-2309-4C51-9558-F020580555F2}.Release|x86.Build.0 = Release|Any CPU
		{86E003D5-FE9F-4D97-BD84-AEDC8FB73734}.Debug|Any CPU.ActiveCfg = Debug|Any CPU
		{86E003D5-FE9F-4D97-BD84-AEDC8FB73734}.Debug|Any CPU.Build.0 = Debug|Any CPU
		{86E003D5-FE9F-4D97-BD84-AEDC8FB73734}.Debug|ARM.ActiveCfg = Debug|Any CPU
		{86E003D5-FE9F-4D97-BD84-AEDC8FB73734}.Debug|ARM.Build.0 = Debug|Any CPU
		{86E003D5-FE9F-4D97-BD84-AEDC8FB73734}.Debug|ARM64.ActiveCfg = Debug|Any CPU
		{86E003D5-FE9F-4D97-BD84-AEDC8FB73734}.Debug|ARM64.Build.0 = Debug|Any CPU
		{86E003D5-FE9F-4D97-BD84-AEDC8FB73734}.Debug|x64.ActiveCfg = Debug|Any CPU
		{86E003D5-FE9F-4D97-BD84-AEDC8FB73734}.Debug|x64.Build.0 = Debug|Any CPU
		{86E003D5-FE9F-4D97-BD84-AEDC8FB73734}.Debug|x86.ActiveCfg = Debug|Any CPU
		{86E003D5-FE9F-4D97-BD84-AEDC8FB73734}.Debug|x86.Build.0 = Debug|Any CPU
		{86E003D5-FE9F-4D97-BD84-AEDC8FB73734}.Release|Any CPU.ActiveCfg = Release|Any CPU
		{86E003D5-FE9F-4D97-BD84-AEDC8FB73734}.Release|Any CPU.Build.0 = Release|Any CPU
		{86E003D5-FE9F-4D97-BD84-AEDC8FB73734}.Release|ARM.ActiveCfg = Release|Any CPU
		{86E003D5-FE9F-4D97-BD84-AEDC8FB73734}.Release|ARM.Build.0 = Release|Any CPU
		{86E003D5-FE9F-4D97-BD84-AEDC8FB73734}.Release|ARM64.ActiveCfg = Release|Any CPU
		{86E003D5-FE9F-4D97-BD84-AEDC8FB73734}.Release|ARM64.Build.0 = Release|Any CPU
		{86E003D5-FE9F-4D97-BD84-AEDC8FB73734}.Release|x64.ActiveCfg = Release|Any CPU
		{86E003D5-FE9F-4D97-BD84-AEDC8FB73734}.Release|x64.Build.0 = Release|Any CPU
		{86E003D5-FE9F-4D97-BD84-AEDC8FB73734}.Release|x86.ActiveCfg = Release|Any CPU
		{86E003D5-FE9F-4D97-BD84-AEDC8FB73734}.Release|x86.Build.0 = Release|Any CPU
	EndGlobalSection
	GlobalSection(SolutionProperties) = preSolution
		HideSolutionNode = FALSE
	EndGlobalSection
	GlobalSection(ExtensibilityGlobals) = postSolution
		SolutionGuid = {18C63455-7D6D-4512-8CEF-08A5898C7566}
	EndGlobalSection
EndGlobal
